// !$*UTF8*$!
{
	archiveVersion = 1;
	classes = {
	};
	objectVersion = 56;
	objects = {

/* Begin PBXBuildFile section */
		6610D04729B6296F001B8F9C /* About.swift in Sources */ = {isa = PBXBuildFile; fileRef = 6610D04629B6296F001B8F9C /* About.swift */; };
		6610D04929B62A09001B8F9C /* Languages.swift in Sources */ = {isa = PBXBuildFile; fileRef = 6610D04829B62A09001B8F9C /* Languages.swift */; };
		6610D04B29B62B91001B8F9C /* FeedbackForm.swift in Sources */ = {isa = PBXBuildFile; fileRef = 6610D04A29B62B91001B8F9C /* FeedbackForm.swift */; };
		6610D04D29B63220001B8F9C /* AppIcon.swift in Sources */ = {isa = PBXBuildFile; fileRef = 6610D04C29B63220001B8F9C /* AppIcon.swift */; };
		66641CBA29B1632D00566C24 /* Robotics_ScoutingApp.swift in Sources */ = {isa = PBXBuildFile; fileRef = 66641CB929B1632D00566C24 /* Robotics_ScoutingApp.swift */; };
		66641CBC29B1632D00566C24 /* ContentView.swift in Sources */ = {isa = PBXBuildFile; fileRef = 66641CBB29B1632D00566C24 /* ContentView.swift */; };
		66641CBE29B1632E00566C24 /* Assets.xcassets in Resources */ = {isa = PBXBuildFile; fileRef = 66641CBD29B1632E00566C24 /* Assets.xcassets */; };
		66641CC129B1632E00566C24 /* Preview Assets.xcassets in Resources */ = {isa = PBXBuildFile; fileRef = 66641CC029B1632E00566C24 /* Preview Assets.xcassets */; };
		66641CC929B1A92800566C24 /* TeamInfoInput.swift in Sources */ = {isa = PBXBuildFile; fileRef = 66641CC829B1A92800566C24 /* TeamInfoInput.swift */; };
		66641CCB29B1A93000566C24 /* TeamInfo.swift in Sources */ = {isa = PBXBuildFile; fileRef = 66641CCA29B1A93000566C24 /* TeamInfo.swift */; };
		66641CCD29B1A93F00566C24 /* Teams.swift in Sources */ = {isa = PBXBuildFile; fileRef = 66641CCC29B1A93F00566C24 /* Teams.swift */; };
		66641CD029B1AA1D00566C24 /* Settings.swift in Sources */ = {isa = PBXBuildFile; fileRef = 66641CCF29B1AA1D00566C24 /* Settings.swift */; };
		66641CD229B1AB6C00566C24 /* TeamStruct.swift in Sources */ = {isa = PBXBuildFile; fileRef = 66641CD129B1AB6C00566C24 /* TeamStruct.swift */; };
		6669C4D229C2646800592D83 /* checkbox.swift in Sources */ = {isa = PBXBuildFile; fileRef = 6669C4D129C2646800592D83 /* checkbox.swift */; };
		66D6B77929C6046B004E9A4A /* InputPointsView.swift in Sources */ = {isa = PBXBuildFile; fileRef = 66D6B77829C6046B004E9A4A /* InputPointsView.swift */; };
		66E04FE829BDA0B600F65FBA /* todo.txt in Resources */ = {isa = PBXBuildFile; fileRef = 66E04FE729BDA0B600F65FBA /* todo.txt */; };
		66E04FEC29BE6BCE00F65FBA /* TeamFilter.swift in Sources */ = {isa = PBXBuildFile; fileRef = 66E04FEB29BE6BCE00F65FBA /* TeamFilter.swift */; };
/* End PBXBuildFile section */

/* Begin PBXFileReference section */
		6610D04629B6296F001B8F9C /* About.swift */ = {isa = PBXFileReference; lastKnownFileType = sourcecode.swift; path = About.swift; sourceTree = "<group>"; };
		6610D04829B62A09001B8F9C /* Languages.swift */ = {isa = PBXFileReference; lastKnownFileType = sourcecode.swift; path = Languages.swift; sourceTree = "<group>"; };
		6610D04A29B62B91001B8F9C /* FeedbackForm.swift */ = {isa = PBXFileReference; lastKnownFileType = sourcecode.swift; path = FeedbackForm.swift; sourceTree = "<group>"; };
		6610D04C29B63220001B8F9C /* AppIcon.swift */ = {isa = PBXFileReference; lastKnownFileType = sourcecode.swift; path = AppIcon.swift; sourceTree = "<group>"; };
		6610ECC929B8C4B100D1161D /* Robotics-Scouting-Info.plist */ = {isa = PBXFileReference; lastKnownFileType = text.plist; path = "Robotics-Scouting-Info.plist"; sourceTree = SOURCE_ROOT; };
		66641CB629B1632D00566C24 /* Robotics Scouting.app */ = {isa = PBXFileReference; explicitFileType = wrapper.application; includeInIndex = 0; path = "Robotics Scouting.app"; sourceTree = BUILT_PRODUCTS_DIR; };
		66641CB929B1632D00566C24 /* Robotics_ScoutingApp.swift */ = {isa = PBXFileReference; lastKnownFileType = sourcecode.swift; path = Robotics_ScoutingApp.swift; sourceTree = "<group>"; };
		66641CBB29B1632D00566C24 /* ContentView.swift */ = {isa = PBXFileReference; lastKnownFileType = sourcecode.swift; path = ContentView.swift; sourceTree = "<group>"; };
		66641CBD29B1632E00566C24 /* Assets.xcassets */ = {isa = PBXFileReference; lastKnownFileType = folder.assetcatalog; path = Assets.xcassets; sourceTree = "<group>"; };
		66641CC029B1632E00566C24 /* Preview Assets.xcassets */ = {isa = PBXFileReference; lastKnownFileType = folder.assetcatalog; path = "Preview Assets.xcassets"; sourceTree = "<group>"; };
		66641CC829B1A92800566C24 /* TeamInfoInput.swift */ = {isa = PBXFileReference; lastKnownFileType = sourcecode.swift; path = TeamInfoInput.swift; sourceTree = "<group>"; };
		66641CCA29B1A93000566C24 /* TeamInfo.swift */ = {isa = PBXFileReference; lastKnownFileType = sourcecode.swift; path = TeamInfo.swift; sourceTree = "<group>"; };
		66641CCC29B1A93F00566C24 /* Teams.swift */ = {isa = PBXFileReference; lastKnownFileType = sourcecode.swift; path = Teams.swift; sourceTree = "<group>"; };
		66641CCF29B1AA1D00566C24 /* Settings.swift */ = {isa = PBXFileReference; lastKnownFileType = sourcecode.swift; path = Settings.swift; sourceTree = "<group>"; };
		66641CD129B1AB6C00566C24 /* TeamStruct.swift */ = {isa = PBXFileReference; lastKnownFileType = sourcecode.swift; path = TeamStruct.swift; sourceTree = "<group>"; };
		6669C4D129C2646800592D83 /* checkbox.swift */ = {isa = PBXFileReference; lastKnownFileType = sourcecode.swift; path = checkbox.swift; sourceTree = "<group>"; };
		66D6B77829C6046B004E9A4A /* InputPointsView.swift */ = {isa = PBXFileReference; lastKnownFileType = sourcecode.swift; path = InputPointsView.swift; sourceTree = "<group>"; };
		66E04FE729BDA0B600F65FBA /* todo.txt */ = {isa = PBXFileReference; lastKnownFileType = text; path = todo.txt; sourceTree = "<group>"; };
		66E04FEB29BE6BCE00F65FBA /* TeamFilter.swift */ = {isa = PBXFileReference; lastKnownFileType = sourcecode.swift; path = TeamFilter.swift; sourceTree = "<group>"; };
/* End PBXFileReference section */

/* Begin PBXFrameworksBuildPhase section */
		66641CB329B1632D00566C24 /* Frameworks */ = {
			isa = PBXFrameworksBuildPhase;
			buildActionMask = 2147483647;
			files = (
			);
			runOnlyForDeploymentPostprocessing = 0;
		};
/* End PBXFrameworksBuildPhase section */

/* Begin PBXGroup section */
		6610D04529B62962001B8F9C /* Settings Helper Views */ = {
			isa = PBXGroup;
			children = (
				6610D04629B6296F001B8F9C /* About.swift */,
				6610D04829B62A09001B8F9C /* Languages.swift */,
				6610D04A29B62B91001B8F9C /* FeedbackForm.swift */,
				6610D04C29B63220001B8F9C /* AppIcon.swift */,
			);
			path = "Settings Helper Views";
			sourceTree = "<group>";
		};
		66641CAD29B1632D00566C24 = {
			isa = PBXGroup;
			children = (
				66641CB829B1632D00566C24 /* Robotics Scouting */,
				66641CB729B1632D00566C24 /* Products */,
			);
			sourceTree = "<group>";
		};
		66641CB729B1632D00566C24 /* Products */ = {
			isa = PBXGroup;
			children = (
				66641CB629B1632D00566C24 /* Robotics Scouting.app */,
			);
			name = Products;
			sourceTree = "<group>";
		};
		66641CB829B1632D00566C24 /* Robotics Scouting */ = {
			isa = PBXGroup;
			children = (
				6610ECC929B8C4B100D1161D /* Robotics-Scouting-Info.plist */,
				66641CB929B1632D00566C24 /* Robotics_ScoutingApp.swift */,
				66641CBB29B1632D00566C24 /* ContentView.swift */,
				66E04FE729BDA0B600F65FBA /* todo.txt */,
				66641CC729B1A90E00566C24 /* Helper Views */,
				66641CBD29B1632E00566C24 /* Assets.xcassets */,
				66641CBF29B1632E00566C24 /* Preview Content */,
			);
			path = "Robotics Scouting";
			sourceTree = "<group>";
		};
		66641CBF29B1632E00566C24 /* Preview Content */ = {
			isa = PBXGroup;
			children = (
				66641CC029B1632E00566C24 /* Preview Assets.xcassets */,
			);
			path = "Preview Content";
			sourceTree = "<group>";
		};
		66641CC729B1A90E00566C24 /* Helper Views */ = {
			isa = PBXGroup;
			children = (
				66641CC829B1A92800566C24 /* TeamInfoInput.swift */,
				66D6B77729C6044B004E9A4A /* TeamInfoInput Helper Views */,
				66641CCA29B1A93000566C24 /* TeamInfo.swift */,
				66641CCC29B1A93F00566C24 /* Teams.swift */,
				66E04FEB29BE6BCE00F65FBA /* TeamFilter.swift */,
				66641CD129B1AB6C00566C24 /* TeamStruct.swift */,
				6669C4D129C2646800592D83 /* checkbox.swift */,
				66641CCE29B1AA0E00566C24 /* Settings */,
			);
			path = "Helper Views";
			sourceTree = "<group>";
		};
		66641CCE29B1AA0E00566C24 /* Settings */ = {
			isa = PBXGroup;
			children = (
				66641CCF29B1AA1D00566C24 /* Settings.swift */,
				6610D04529B62962001B8F9C /* Settings Helper Views */,
			);
			path = Settings;
			sourceTree = "<group>";
		};
		66D6B77729C6044B004E9A4A /* TeamInfoInput Helper Views */ = {
			isa = PBXGroup;
			children = (
				66D6B77829C6046B004E9A4A /* InputPointsView.swift */,
			);
			path = "TeamInfoInput Helper Views";
			sourceTree = "<group>";
		};
/* End PBXGroup section */

/* Begin PBXNativeTarget section */
		66641CB529B1632D00566C24 /* Robotics Scouting */ = {
			isa = PBXNativeTarget;
			buildConfigurationList = 66641CC429B1632E00566C24 /* Build configuration list for PBXNativeTarget "Robotics Scouting" */;
			buildPhases = (
				66641CB229B1632D00566C24 /* Sources */,
				66641CB329B1632D00566C24 /* Frameworks */,
				66641CB429B1632D00566C24 /* Resources */,
			);
			buildRules = (
			);
			dependencies = (
			);
			name = "Robotics Scouting";
			productName = "Robotics Scouting";
			productReference = 66641CB629B1632D00566C24 /* Robotics Scouting.app */;
			productType = "com.apple.product-type.application";
		};
/* End PBXNativeTarget section */

/* Begin PBXProject section */
		66641CAE29B1632D00566C24 /* Project object */ = {
			isa = PBXProject;
			attributes = {
				BuildIndependentTargetsInParallel = 1;
				LastSwiftUpdateCheck = 1420;
				LastUpgradeCheck = 1420;
				TargetAttributes = {
					66641CB529B1632D00566C24 = {
						CreatedOnToolsVersion = 14.2;
					};
				};
			};
			buildConfigurationList = 66641CB129B1632D00566C24 /* Build configuration list for PBXProject "Robotics Scouting" */;
			compatibilityVersion = "Xcode 14.0";
			developmentRegion = en;
			hasScannedForEncodings = 0;
			knownRegions = (
				en,
				Base,
			);
			mainGroup = 66641CAD29B1632D00566C24;
			productRefGroup = 66641CB729B1632D00566C24 /* Products */;
			projectDirPath = "";
			projectRoot = "";
			targets = (
				66641CB529B1632D00566C24 /* Robotics Scouting */,
			);
		};
/* End PBXProject section */

/* Begin PBXResourcesBuildPhase section */
		66641CB429B1632D00566C24 /* Resources */ = {
			isa = PBXResourcesBuildPhase;
			buildActionMask = 2147483647;
			files = (
				66641CC129B1632E00566C24 /* Preview Assets.xcassets in Resources */,
				66E04FE829BDA0B600F65FBA /* todo.txt in Resources */,
				66641CBE29B1632E00566C24 /* Assets.xcassets in Resources */,
			);
			runOnlyForDeploymentPostprocessing = 0;
		};
/* End PBXResourcesBuildPhase section */

/* Begin PBXSourcesBuildPhase section */
		66641CB229B1632D00566C24 /* Sources */ = {
			isa = PBXSourcesBuildPhase;
			buildActionMask = 2147483647;
			files = (
				66641CD029B1AA1D00566C24 /* Settings.swift in Sources */,
				6610D04729B6296F001B8F9C /* About.swift in Sources */,
				66641CCB29B1A93000566C24 /* TeamInfo.swift in Sources */,
				6610D04929B62A09001B8F9C /* Languages.swift in Sources */,
				66E04FEC29BE6BCE00F65FBA /* TeamFilter.swift in Sources */,
				66641CCD29B1A93F00566C24 /* Teams.swift in Sources */,
				66641CBC29B1632D00566C24 /* ContentView.swift in Sources */,
				66641CD229B1AB6C00566C24 /* TeamStruct.swift in Sources */,
				66641CBA29B1632D00566C24 /* Robotics_ScoutingApp.swift in Sources */,
				6610D04B29B62B91001B8F9C /* FeedbackForm.swift in Sources */,
				66D6B77929C6046B004E9A4A /* InputPointsView.swift in Sources */,
				66641CC929B1A92800566C24 /* TeamInfoInput.swift in Sources */,
				6669C4D229C2646800592D83 /* checkbox.swift in Sources */,
				6610D04D29B63220001B8F9C /* AppIcon.swift in Sources */,
			);
			runOnlyForDeploymentPostprocessing = 0;
		};
/* End PBXSourcesBuildPhase section */

/* Begin XCBuildConfiguration section */
		66641CC229B1632E00566C24 /* Debug */ = {
			isa = XCBuildConfiguration;
			buildSettings = {
				ALWAYS_SEARCH_USER_PATHS = NO;
				CLANG_ANALYZER_NONNULL = YES;
				CLANG_ANALYZER_NUMBER_OBJECT_CONVERSION = YES_AGGRESSIVE;
				CLANG_CXX_LANGUAGE_STANDARD = "gnu++20";
				CLANG_ENABLE_MODULES = YES;
				CLANG_ENABLE_OBJC_ARC = YES;
				CLANG_ENABLE_OBJC_WEAK = YES;
				CLANG_WARN_BLOCK_CAPTURE_AUTORELEASING = YES;
				CLANG_WARN_BOOL_CONVERSION = YES;
				CLANG_WARN_COMMA = YES;
				CLANG_WARN_CONSTANT_CONVERSION = YES;
				CLANG_WARN_DEPRECATED_OBJC_IMPLEMENTATIONS = YES;
				CLANG_WARN_DIRECT_OBJC_ISA_USAGE = YES_ERROR;
				CLANG_WARN_DOCUMENTATION_COMMENTS = YES;
				CLANG_WARN_EMPTY_BODY = YES;
				CLANG_WARN_ENUM_CONVERSION = YES;
				CLANG_WARN_INFINITE_RECURSION = YES;
				CLANG_WARN_INT_CONVERSION = YES;
				CLANG_WARN_NON_LITERAL_NULL_CONVERSION = YES;
				CLANG_WARN_OBJC_IMPLICIT_RETAIN_SELF = YES;
				CLANG_WARN_OBJC_LITERAL_CONVERSION = YES;
				CLANG_WARN_OBJC_ROOT_CLASS = YES_ERROR;
				CLANG_WARN_QUOTED_INCLUDE_IN_FRAMEWORK_HEADER = YES;
				CLANG_WARN_RANGE_LOOP_ANALYSIS = YES;
				CLANG_WARN_STRICT_PROTOTYPES = YES;
				CLANG_WARN_SUSPICIOUS_MOVE = YES;
				CLANG_WARN_UNGUARDED_AVAILABILITY = YES_AGGRESSIVE;
				CLANG_WARN_UNREACHABLE_CODE = YES;
				CLANG_WARN__DUPLICATE_METHOD_MATCH = YES;
				COPY_PHASE_STRIP = NO;
				DEBUG_INFORMATION_FORMAT = dwarf;
				ENABLE_STRICT_OBJC_MSGSEND = YES;
				ENABLE_TESTABILITY = YES;
				GCC_C_LANGUAGE_STANDARD = gnu11;
				GCC_DYNAMIC_NO_PIC = NO;
				GCC_NO_COMMON_BLOCKS = YES;
				GCC_OPTIMIZATION_LEVEL = 0;
				GCC_PREPROCESSOR_DEFINITIONS = (
					"DEBUG=1",
					"$(inherited)",
				);
				GCC_WARN_64_TO_32_BIT_CONVERSION = YES;
				GCC_WARN_ABOUT_RETURN_TYPE = YES_ERROR;
				GCC_WARN_UNDECLARED_SELECTOR = YES;
				GCC_WARN_UNINITIALIZED_AUTOS = YES_AGGRESSIVE;
				GCC_WARN_UNUSED_FUNCTION = YES;
				GCC_WARN_UNUSED_VARIABLE = YES;
				IPHONEOS_DEPLOYMENT_TARGET = 16.2;
				MTL_ENABLE_DEBUG_INFO = INCLUDE_SOURCE;
				MTL_FAST_MATH = YES;
				ONLY_ACTIVE_ARCH = YES;
				SDKROOT = iphoneos;
				SWIFT_ACTIVE_COMPILATION_CONDITIONS = DEBUG;
				SWIFT_OPTIMIZATION_LEVEL = "-Onone";
			};
			name = Debug;
		};
		66641CC329B1632E00566C24 /* Release */ = {
			isa = XCBuildConfiguration;
			buildSettings = {
				ALWAYS_SEARCH_USER_PATHS = NO;
				CLANG_ANALYZER_NONNULL = YES;
				CLANG_ANALYZER_NUMBER_OBJECT_CONVERSION = YES_AGGRESSIVE;
				CLANG_CXX_LANGUAGE_STANDARD = "gnu++20";
				CLANG_ENABLE_MODULES = YES;
				CLANG_ENABLE_OBJC_ARC = YES;
				CLANG_ENABLE_OBJC_WEAK = YES;
				CLANG_WARN_BLOCK_CAPTURE_AUTORELEASING = YES;
				CLANG_WARN_BOOL_CONVERSION = YES;
				CLANG_WARN_COMMA = YES;
				CLANG_WARN_CONSTANT_CONVERSION = YES;
				CLANG_WARN_DEPRECATED_OBJC_IMPLEMENTATIONS = YES;
				CLANG_WARN_DIRECT_OBJC_ISA_USAGE = YES_ERROR;
				CLANG_WARN_DOCUMENTATION_COMMENTS = YES;
				CLANG_WARN_EMPTY_BODY = YES;
				CLANG_WARN_ENUM_CONVERSION = YES;
				CLANG_WARN_INFINITE_RECURSION = YES;
				CLANG_WARN_INT_CONVERSION = YES;
				CLANG_WARN_NON_LITERAL_NULL_CONVERSION = YES;
				CLANG_WARN_OBJC_IMPLICIT_RETAIN_SELF = YES;
				CLANG_WARN_OBJC_LITERAL_CONVERSION = YES;
				CLANG_WARN_OBJC_ROOT_CLASS = YES_ERROR;
				CLANG_WARN_QUOTED_INCLUDE_IN_FRAMEWORK_HEADER = YES;
				CLANG_WARN_RANGE_LOOP_ANALYSIS = YES;
				CLANG_WARN_STRICT_PROTOTYPES = YES;
				CLANG_WARN_SUSPICIOUS_MOVE = YES;
				CLANG_WARN_UNGUARDED_AVAILABILITY = YES_AGGRESSIVE;
				CLANG_WARN_UNREACHABLE_CODE = YES;
				CLANG_WARN__DUPLICATE_METHOD_MATCH = YES;
				COPY_PHASE_STRIP = NO;
				DEBUG_INFORMATION_FORMAT = "dwarf-with-dsym";
				ENABLE_NS_ASSERTIONS = NO;
				ENABLE_STRICT_OBJC_MSGSEND = YES;
				GCC_C_LANGUAGE_STANDARD = gnu11;
				GCC_NO_COMMON_BLOCKS = YES;
				GCC_WARN_64_TO_32_BIT_CONVERSION = YES;
				GCC_WARN_ABOUT_RETURN_TYPE = YES_ERROR;
				GCC_WARN_UNDECLARED_SELECTOR = YES;
				GCC_WARN_UNINITIALIZED_AUTOS = YES_AGGRESSIVE;
				GCC_WARN_UNUSED_FUNCTION = YES;
				GCC_WARN_UNUSED_VARIABLE = YES;
				IPHONEOS_DEPLOYMENT_TARGET = 16.2;
				MTL_ENABLE_DEBUG_INFO = NO;
				MTL_FAST_MATH = YES;
				SDKROOT = iphoneos;
				SWIFT_COMPILATION_MODE = wholemodule;
				SWIFT_OPTIMIZATION_LEVEL = "-O";
				VALIDATE_PRODUCT = YES;
			};
			name = Release;
		};
		66641CC529B1632E00566C24 /* Debug */ = {
			isa = XCBuildConfiguration;
			buildSettings = {
				ASSETCATALOG_COMPILER_APPICON_NAME = AppIcon;
				ASSETCATALOG_COMPILER_GLOBAL_ACCENT_COLOR_NAME = AccentColor;
				CODE_SIGN_IDENTITY = "Apple Development";
				CODE_SIGN_STYLE = Automatic;
				CURRENT_PROJECT_VERSION = 1;
				DEVELOPMENT_ASSET_PATHS = "\"Robotics Scouting/Preview Content\"";
				DEVELOPMENT_TEAM = 4FA46Q6PPA;
				ENABLE_PREVIEWS = YES;
				GENERATE_INFOPLIST_FILE = YES;
				INFOPLIST_FILE = "Robotics-Scouting-Info.plist";
				INFOPLIST_KEY_CFBundleDisplayName = "Chicken Scout";
				INFOPLIST_KEY_UIApplicationSceneManifest_Generation = YES;
				INFOPLIST_KEY_UIApplicationSupportsIndirectInputEvents = YES;
				INFOPLIST_KEY_UILaunchScreen_Generation = YES;
				INFOPLIST_KEY_UISupportedInterfaceOrientations_iPad = "UIInterfaceOrientationPortrait UIInterfaceOrientationPortraitUpsideDown UIInterfaceOrientationLandscapeLeft UIInterfaceOrientationLandscapeRight";
				INFOPLIST_KEY_UISupportedInterfaceOrientations_iPhone = "UIInterfaceOrientationPortrait UIInterfaceOrientationLandscapeLeft UIInterfaceOrientationLandscapeRight";
				IPHONEOS_DEPLOYMENT_TARGET = 16.0;
				LD_RUNPATH_SEARCH_PATHS = (
					"$(inherited)",
					"@executable_path/Frameworks",
				);
				MARKETING_VERSION = 1.0;
				PRODUCT_BUNDLE_IDENTIFIER = "CooperHopkins.Robotics-Scouting";
				PRODUCT_NAME = "$(TARGET_NAME)";
				PROVISIONING_PROFILE_SPECIFIER = "";
				SWIFT_EMIT_LOC_STRINGS = YES;
				SWIFT_VERSION = 5.0;
				TARGETED_DEVICE_FAMILY = "1,2";
			};
			name = Debug;
		};
		66641CC629B1632E00566C24 /* Release */ = {
			isa = XCBuildConfiguration;
			buildSettings = {
				ASSETCATALOG_COMPILER_APPICON_NAME = AppIcon;
				ASSETCATALOG_COMPILER_GLOBAL_ACCENT_COLOR_NAME = AccentColor;
				CODE_SIGN_IDENTITY = "Apple Development";
				CODE_SIGN_STYLE = Automatic;
				CURRENT_PROJECT_VERSION = 1;
				DEVELOPMENT_ASSET_PATHS = "\"Robotics Scouting/Preview Content\"";
				DEVELOPMENT_TEAM = 4FA46Q6PPA;
				ENABLE_PREVIEWS = YES;
				GENERATE_INFOPLIST_FILE = YES;
				INFOPLIST_FILE = "Robotics-Scouting-Info.plist";
				INFOPLIST_KEY_CFBundleDisplayName = "Chicken Scout";
				INFOPLIST_KEY_UIApplicationSceneManifest_Generation = YES;
				INFOPLIST_KEY_UIApplicationSupportsIndirectInputEvents = YES;
				INFOPLIST_KEY_UILaunchScreen_Generation = YES;
				INFOPLIST_KEY_UISupportedInterfaceOrientations_iPad = "UIInterfaceOrientationPortrait UIInterfaceOrientationPortraitUpsideDown UIInterfaceOrientationLandscapeLeft UIInterfaceOrientationLandscapeRight";
				INFOPLIST_KEY_UISupportedInterfaceOrientations_iPhone = "UIInterfaceOrientationPortrait UIInterfaceOrientationLandscapeLeft UIInterfaceOrientationLandscapeRight";
				IPHONEOS_DEPLOYMENT_TARGET = 16.0;
				LD_RUNPATH_SEARCH_PATHS = (
					"$(inherited)",
					"@executable_path/Frameworks",
				);
				MARKETING_VERSION = 1.0;
				PRODUCT_BUNDLE_IDENTIFIER = "CooperHopkins.Robotics-Scouting";
				PRODUCT_NAME = "$(TARGET_NAME)";
				PROVISIONING_PROFILE_SPECIFIER = "";
				SWIFT_EMIT_LOC_STRINGS = YES;
				SWIFT_VERSION = 5.0;
				TARGETED_DEVICE_FAMILY = "1,2";
			};
			name = Release;
		};
/* End XCBuildConfiguration section */

/* Begin XCConfigurationList section */
		66641CB129B1632D00566C24 /* Build configuration list for PBXProject "Robotics Scouting" */ = {
			isa = XCConfigurationList;
			buildConfigurations = (
				66641CC229B1632E00566C24 /* Debug */,
				66641CC329B1632E00566C24 /* Release */,
			);
			defaultConfigurationIsVisible = 0;
			defaultConfigurationName = Release;
		};
		66641CC429B1632E00566C24 /* Build configuration list for PBXNativeTarget "Robotics Scouting" */ = {
			isa = XCConfigurationList;
			buildConfigurations = (
				66641CC529B1632E00566C24 /* Debug */,
				66641CC629B1632E00566C24 /* Release */,
			);
			defaultConfigurationIsVisible = 0;
			defaultConfigurationName = Release;
		};
/* End XCConfigurationList section */
	};
	rootObject = 66641CAE29B1632D00566C24 /* Project object */;
}
